// !$*UTF8*$!
{
	archiveVersion = 1;
	classes = {
	};
	objectVersion = 46;
	objects = {

/* Begin PBXBuildFile section */
		84450A5519A73CFB00529EBC /* Foundation.framework in Frameworks */ = {isa = PBXBuildFile; fileRef = 84450A5419A73CFB00529EBC /* Foundation.framework */; };
		84450A5719A73CFB00529EBC /* CoreGraphics.framework in Frameworks */ = {isa = PBXBuildFile; fileRef = 84450A5619A73CFB00529EBC /* CoreGraphics.framework */; };
		84450A5919A73CFB00529EBC /* UIKit.framework in Frameworks */ = {isa = PBXBuildFile; fileRef = 84450A5819A73CFB00529EBC /* UIKit.framework */; };
		84450A5F19A73CFB00529EBC /* InfoPlist.strings in Resources */ = {isa = PBXBuildFile; fileRef = 84450A5D19A73CFB00529EBC /* InfoPlist.strings */; };
		84450A6119A73CFB00529EBC /* main.m in Sources */ = {isa = PBXBuildFile; fileRef = 84450A6019A73CFB00529EBC /* main.m */; };
		84450A6519A73CFB00529EBC /* AppDelegate.m in Sources */ = {isa = PBXBuildFile; fileRef = 84450A6419A73CFB00529EBC /* AppDelegate.m */; };
		84450A6819A73CFB00529EBC /* Main.storyboard in Resources */ = {isa = PBXBuildFile; fileRef = 84450A6619A73CFB00529EBC /* Main.storyboard */; };
		84450A6D19A73CFB00529EBC /* Images.xcassets in Resources */ = {isa = PBXBuildFile; fileRef = 84450A6C19A73CFB00529EBC /* Images.xcassets */; };
		84450A7419A73CFB00529EBC /* XCTest.framework in Frameworks */ = {isa = PBXBuildFile; fileRef = 84450A7319A73CFB00529EBC /* XCTest.framework */; };
		84450A7519A73CFB00529EBC /* Foundation.framework in Frameworks */ = {isa = PBXBuildFile; fileRef = 84450A5419A73CFB00529EBC /* Foundation.framework */; };
		84450A7619A73CFB00529EBC /* UIKit.framework in Frameworks */ = {isa = PBXBuildFile; fileRef = 84450A5819A73CFB00529EBC /* UIKit.framework */; };
		84450A7E19A73CFB00529EBC /* InfoPlist.strings in Resources */ = {isa = PBXBuildFile; fileRef = 84450A7C19A73CFB00529EBC /* InfoPlist.strings */; };
		84450A8019A73CFB00529EBC /* TopRegionsTests.m in Sources */ = {isa = PBXBuildFile; fileRef = 84450A7F19A73CFB00529EBC /* TopRegionsTests.m */; };
		84450A8B19A73E3500529EBC /* CoreDataTableViewController.m in Sources */ = {isa = PBXBuildFile; fileRef = 84450A8A19A73E3500529EBC /* CoreDataTableViewController.m */; };
		84450A8F19A73EDF00529EBC /* TopRegionsViewController.m in Sources */ = {isa = PBXBuildFile; fileRef = 84450A8E19A73EDF00529EBC /* TopRegionsViewController.m */; };
		84450A9319A7408B00529EBC /* RecentlyViewedPhotosTableViewController.m in Sources */ = {isa = PBXBuildFile; fileRef = 84450A9219A7408B00529EBC /* RecentlyViewedPhotosTableViewController.m */; };
		84450A9619A7414400529EBC /* PhotosTableViewController.m in Sources */ = {isa = PBXBuildFile; fileRef = 84450A9519A7414400529EBC /* PhotosTableViewController.m */; };
/* End PBXBuildFile section */

/* Begin PBXContainerItemProxy section */
		84450A7719A73CFB00529EBC /* PBXContainerItemProxy */ = {
			isa = PBXContainerItemProxy;
			containerPortal = 84450A4919A73CFB00529EBC /* Project object */;
			proxyType = 1;
			remoteGlobalIDString = 84450A5019A73CFB00529EBC;
			remoteInfo = TopRegions;
		};
/* End PBXContainerItemProxy section */

/* Begin PBXFileReference section */
		84450A5119A73CFB00529EBC /* TopRegions.app */ = {isa = PBXFileReference; explicitFileType = wrapper.application; includeInIndex = 0; path = TopRegions.app; sourceTree = BUILT_PRODUCTS_DIR; };
		84450A5419A73CFB00529EBC /* Foundation.framework */ = {isa = PBXFileReference; lastKnownFileType = wrapper.framework; name = Foundation.framework; path = System/Library/Frameworks/Foundation.framework; sourceTree = SDKROOT; };
		84450A5619A73CFB00529EBC /* CoreGraphics.framework */ = {isa = PBXFileReference; lastKnownFileType = wrapper.framework; name = CoreGraphics.framework; path = System/Library/Frameworks/CoreGraphics.framework; sourceTree = SDKROOT; };
		84450A5819A73CFB00529EBC /* UIKit.framework */ = {isa = PBXFileReference; lastKnownFileType = wrapper.framework; name = UIKit.framework; path = System/Library/Frameworks/UIKit.framework; sourceTree = SDKROOT; };
		84450A5C19A73CFB00529EBC /* TopRegions-Info.plist */ = {isa = PBXFileReference; lastKnownFileType = text.plist.xml; path = "TopRegions-Info.plist"; sourceTree = "<group>"; };
		84450A5E19A73CFB00529EBC /* en */ = {isa = PBXFileReference; lastKnownFileType = text.plist.strings; name = en; path = en.lproj/InfoPlist.strings; sourceTree = "<group>"; };
		84450A6019A73CFB00529EBC /* main.m */ = {isa = PBXFileReference; lastKnownFileType = sourcecode.c.objc; path = main.m; sourceTree = "<group>"; };
		84450A6219A73CFB00529EBC /* TopRegions-Prefix.pch */ = {isa = PBXFileReference; lastKnownFileType = sourcecode.c.h; path = "TopRegions-Prefix.pch"; sourceTree = "<group>"; };
		84450A6319A73CFB00529EBC /* AppDelegate.h */ = {isa = PBXFileReference; lastKnownFileType = sourcecode.c.h; path = AppDelegate.h; sourceTree = "<group>"; };
		84450A6419A73CFB00529EBC /* AppDelegate.m */ = {isa = PBXFileReference; lastKnownFileType = sourcecode.c.objc; path = AppDelegate.m; sourceTree = "<group>"; };
		84450A6719A73CFB00529EBC /* Base */ = {isa = PBXFileReference; lastKnownFileType = file.storyboard; name = Base; path = Base.lproj/Main.storyboard; sourceTree = "<group>"; };
		84450A6C19A73CFB00529EBC /* Images.xcassets */ = {isa = PBXFileReference; lastKnownFileType = folder.assetcatalog; path = Images.xcassets; sourceTree = "<group>"; };
		84450A7219A73CFB00529EBC /* TopRegionsTests.xctest */ = {isa = PBXFileReference; explicitFileType = wrapper.cfbundle; includeInIndex = 0; path = TopRegionsTests.xctest; sourceTree = BUILT_PRODUCTS_DIR; };
		84450A7319A73CFB00529EBC /* XCTest.framework */ = {isa = PBXFileReference; lastKnownFileType = wrapper.framework; name = XCTest.framework; path = Library/Frameworks/XCTest.framework; sourceTree = DEVELOPER_DIR; };
		84450A7B19A73CFB00529EBC /* TopRegionsTests-Info.plist */ = {isa = PBXFileReference; lastKnownFileType = text.plist.xml; path = "TopRegionsTests-Info.plist"; sourceTree = "<group>"; };
		84450A7D19A73CFB00529EBC /* en */ = {isa = PBXFileReference; lastKnownFileType = text.plist.strings; name = en; path = en.lproj/InfoPlist.strings; sourceTree = "<group>"; };
		84450A7F19A73CFB00529EBC /* TopRegionsTests.m */ = {isa = PBXFileReference; lastKnownFileType = sourcecode.c.objc; path = TopRegionsTests.m; sourceTree = "<group>"; };
		84450A8919A73E3500529EBC /* CoreDataTableViewController.h */ = {isa = PBXFileReference; fileEncoding = 4; lastKnownFileType = sourcecode.c.h; path = CoreDataTableViewController.h; sourceTree = "<group>"; };
		84450A8A19A73E3500529EBC /* CoreDataTableViewController.m */ = {isa = PBXFileReference; fileEncoding = 4; lastKnownFileType = sourcecode.c.objc; path = CoreDataTableViewController.m; sourceTree = "<group>"; };
		84450A8D19A73EDF00529EBC /* TopRegionsViewController.h */ = {isa = PBXFileReference; fileEncoding = 4; lastKnownFileType = sourcecode.c.h; path = TopRegionsViewController.h; sourceTree = "<group>"; };
		84450A8E19A73EDF00529EBC /* TopRegionsViewController.m */ = {isa = PBXFileReference; fileEncoding = 4; lastKnownFileType = sourcecode.c.objc; path = TopRegionsViewController.m; sourceTree = "<group>"; };
		84450A9119A7408B00529EBC /* RecentlyViewedPhotosTableViewController.h */ = {isa = PBXFileReference; fileEncoding = 4; lastKnownFileType = sourcecode.c.h; path = RecentlyViewedPhotosTableViewController.h; sourceTree = "<group>"; };
		84450A9219A7408B00529EBC /* RecentlyViewedPhotosTableViewController.m */ = {isa = PBXFileReference; fileEncoding = 4; lastKnownFileType = sourcecode.c.objc; path = RecentlyViewedPhotosTableViewController.m; sourceTree = "<group>"; };
		84450A9419A7414400529EBC /* PhotosTableViewController.h */ = {isa = PBXFileReference; fileEncoding = 4; lastKnownFileType = sourcecode.c.h; path = PhotosTableViewController.h; sourceTree = "<group>"; };
		84450A9519A7414400529EBC /* PhotosTableViewController.m */ = {isa = PBXFileReference; fileEncoding = 4; lastKnownFileType = sourcecode.c.objc; path = PhotosTableViewController.m; sourceTree = "<group>"; };
/* End PBXFileReference section */

/* Begin PBXFrameworksBuildPhase section */
		84450A4E19A73CFB00529EBC /* Frameworks */ = {
			isa = PBXFrameworksBuildPhase;
			buildActionMask = 2147483647;
			files = (
				84450A5719A73CFB00529EBC /* CoreGraphics.framework in Frameworks */,
				84450A5919A73CFB00529EBC /* UIKit.framework in Frameworks */,
				84450A5519A73CFB00529EBC /* Foundation.framework in Frameworks */,
			);
			runOnlyForDeploymentPostprocessing = 0;
		};
		84450A6F19A73CFB00529EBC /* Frameworks */ = {
			isa = PBXFrameworksBuildPhase;
			buildActionMask = 2147483647;
			files = (
				84450A7419A73CFB00529EBC /* XCTest.framework in Frameworks */,
				84450A7619A73CFB00529EBC /* UIKit.framework in Frameworks */,
				84450A7519A73CFB00529EBC /* Foundation.framework in Frameworks */,
			);
			runOnlyForDeploymentPostprocessing = 0;
		};
/* End PBXFrameworksBuildPhase section */

/* Begin PBXGroup section */
		84450A4819A73CFB00529EBC = {
			isa = PBXGroup;
			children = (
				84450A5A19A73CFB00529EBC /* TopRegions */,
				84450A7919A73CFB00529EBC /* TopRegionsTests */,
				84450A5319A73CFB00529EBC /* Frameworks */,
				84450A5219A73CFB00529EBC /* Products */,
			);
			sourceTree = "<group>";
		};
		84450A5219A73CFB00529EBC /* Products */ = {
			isa = PBXGroup;
			children = (
				84450A5119A73CFB00529EBC /* TopRegions.app */,
				84450A7219A73CFB00529EBC /* TopRegionsTests.xctest */,
			);
			name = Products;
			sourceTree = "<group>";
		};
		84450A5319A73CFB00529EBC /* Frameworks */ = {
			isa = PBXGroup;
			children = (
				84450A5419A73CFB00529EBC /* Foundation.framework */,
				84450A5619A73CFB00529EBC /* CoreGraphics.framework */,
				84450A5819A73CFB00529EBC /* UIKit.framework */,
				84450A7319A73CFB00529EBC /* XCTest.framework */,
			);
			name = Frameworks;
			sourceTree = "<group>";
		};
		84450A5A19A73CFB00529EBC /* TopRegions */ = {
			isa = PBXGroup;
			children = (
				84450A6619A73CFB00529EBC /* Main.storyboard */,
				84450A9019A73EEE00529EBC /* View Controllers */,
				84450A8C19A73E3E00529EBC /* CoreDataTableViewController */,
				84450A6319A73CFB00529EBC /* AppDelegate.h */,
				84450A6419A73CFB00529EBC /* AppDelegate.m */,
				84450A6C19A73CFB00529EBC /* Images.xcassets */,
				84450A5B19A73CFB00529EBC /* Supporting Files */,
			);
			path = TopRegions;
			sourceTree = "<group>";
		};
		84450A5B19A73CFB00529EBC /* Supporting Files */ = {
			isa = PBXGroup;
			children = (
				84450A5C19A73CFB00529EBC /* TopRegions-Info.plist */,
				84450A5D19A73CFB00529EBC /* InfoPlist.strings */,
				84450A6019A73CFB00529EBC /* main.m */,
				84450A6219A73CFB00529EBC /* TopRegions-Prefix.pch */,
			);
			name = "Supporting Files";
			sourceTree = "<group>";
		};
		84450A7919A73CFB00529EBC /* TopRegionsTests */ = {
			isa = PBXGroup;
			children = (
				84450A7F19A73CFB00529EBC /* TopRegionsTests.m */,
				84450A7A19A73CFB00529EBC /* Supporting Files */,
			);
			path = TopRegionsTests;
			sourceTree = "<group>";
		};
		84450A7A19A73CFB00529EBC /* Supporting Files */ = {
			isa = PBXGroup;
			children = (
				84450A7B19A73CFB00529EBC /* TopRegionsTests-Info.plist */,
				84450A7C19A73CFB00529EBC /* InfoPlist.strings */,
			);
			name = "Supporting Files";
			sourceTree = "<group>";
		};
		84450A8C19A73E3E00529EBC /* CoreDataTableViewController */ = {
			isa = PBXGroup;
			children = (
				84450A8919A73E3500529EBC /* CoreDataTableViewController.h */,
				84450A8A19A73E3500529EBC /* CoreDataTableViewController.m */,
			);
			name = CoreDataTableViewController;
			sourceTree = "<group>";
		};
		84450A9019A73EEE00529EBC /* View Controllers */ = {
			isa = PBXGroup;
			children = (
				84450A9419A7414400529EBC /* PhotosTableViewController.h */,
				84450A9519A7414400529EBC /* PhotosTableViewController.m */,
				84450A9119A7408B00529EBC /* RecentlyViewedPhotosTableViewController.h */,
				84450A9219A7408B00529EBC /* RecentlyViewedPhotosTableViewController.m */,
				84450A8D19A73EDF00529EBC /* TopRegionsViewController.h */,
				84450A8E19A73EDF00529EBC /* TopRegionsViewController.m */,
			);
			name = "View Controllers";
			sourceTree = "<group>";
		};
/* End PBXGroup section */

/* Begin PBXNativeTarget section */
		84450A5019A73CFB00529EBC /* TopRegions */ = {
			isa = PBXNativeTarget;
			buildConfigurationList = 84450A8319A73CFB00529EBC /* Build configuration list for PBXNativeTarget "TopRegions" */;
			buildPhases = (
				84450A4D19A73CFB00529EBC /* Sources */,
				84450A4E19A73CFB00529EBC /* Frameworks */,
				84450A4F19A73CFB00529EBC /* Resources */,
			);
			buildRules = (
			);
			dependencies = (
			);
			name = TopRegions;
			productName = TopRegions;
			productReference = 84450A5119A73CFB00529EBC /* TopRegions.app */;
			productType = "com.apple.product-type.application";
		};
		84450A7119A73CFB00529EBC /* TopRegionsTests */ = {
			isa = PBXNativeTarget;
			buildConfigurationList = 84450A8619A73CFB00529EBC /* Build configuration list for PBXNativeTarget "TopRegionsTests" */;
			buildPhases = (
				84450A6E19A73CFB00529EBC /* Sources */,
				84450A6F19A73CFB00529EBC /* Frameworks */,
				84450A7019A73CFB00529EBC /* Resources */,
			);
			buildRules = (
			);
			dependencies = (
				84450A7819A73CFB00529EBC /* PBXTargetDependency */,
			);
			name = TopRegionsTests;
			productName = TopRegionsTests;
			productReference = 84450A7219A73CFB00529EBC /* TopRegionsTests.xctest */;
			productType = "com.apple.product-type.bundle.unit-test";
		};
/* End PBXNativeTarget section */

/* Begin PBXProject section */
		84450A4919A73CFB00529EBC /* Project object */ = {
			isa = PBXProject;
			attributes = {
				LastUpgradeCheck = 0510;
				ORGANIZATIONNAME = "Luis Carbuccia";
				TargetAttributes = {
					84450A7119A73CFB00529EBC = {
						TestTargetID = 84450A5019A73CFB00529EBC;
					};
				};
			};
			buildConfigurationList = 84450A4C19A73CFB00529EBC /* Build configuration list for PBXProject "TopRegions" */;
			compatibilityVersion = "Xcode 3.2";
			developmentRegion = English;
			hasScannedForEncodings = 0;
			knownRegions = (
				en,
				Base,
			);
			mainGroup = 84450A4819A73CFB00529EBC;
			productRefGroup = 84450A5219A73CFB00529EBC /* Products */;
			projectDirPath = "";
			projectRoot = "";
			targets = (
				84450A5019A73CFB00529EBC /* TopRegions */,
				84450A7119A73CFB00529EBC /* TopRegionsTests */,
			);
		};
/* End PBXProject section */

/* Begin PBXResourcesBuildPhase section */
		84450A4F19A73CFB00529EBC /* Resources */ = {
			isa = PBXResourcesBuildPhase;
			buildActionMask = 2147483647;
			files = (
				84450A6D19A73CFB00529EBC /* Images.xcassets in Resources */,
				84450A5F19A73CFB00529EBC /* InfoPlist.strings in Resources */,
				84450A6819A73CFB00529EBC /* Main.storyboard in Resources */,
			);
			runOnlyForDeploymentPostprocessing = 0;
		};
		84450A7019A73CFB00529EBC /* Resources */ = {
			isa = PBXResourcesBuildPhase;
			buildActionMask = 2147483647;
			files = (
				84450A7E19A73CFB00529EBC /* InfoPlist.strings in Resources */,
			);
			runOnlyForDeploymentPostprocessing = 0;
		};
/* End PBXResourcesBuildPhase section */

/* Begin PBXSourcesBuildPhase section */
		84450A4D19A73CFB00529EBC /* Sources */ = {
			isa = PBXSourcesBuildPhase;
			buildActionMask = 2147483647;
			files = (
				84450A6519A73CFB00529EBC /* AppDelegate.m in Sources */,
				84450A9319A7408B00529EBC /* RecentlyViewedPhotosTableViewController.m in Sources */,
				84450A9619A7414400529EBC /* PhotosTableViewController.m in Sources */,
				84450A6119A73CFB00529EBC /* main.m in Sources */,
				84450A8F19A73EDF00529EBC /* TopRegionsViewController.m in Sources */,
				84450A8B19A73E3500529EBC /* CoreDataTableViewController.m in Sources */,
			);
			runOnlyForDeploymentPostprocessing = 0;
		};
		84450A6E19A73CFB00529EBC /* Sources */ = {
			isa = PBXSourcesBuildPhase;
			buildActionMask = 2147483647;
			files = (
				84450A8019A73CFB00529EBC /* TopRegionsTests.m in Sources */,
			);
			runOnlyForDeploymentPostprocessing = 0;
		};
/* End PBXSourcesBuildPhase section */

/* Begin PBXTargetDependency section */
		84450A7819A73CFB00529EBC /* PBXTargetDependency */ = {
			isa = PBXTargetDependency;
			target = 84450A5019A73CFB00529EBC /* TopRegions */;
			targetProxy = 84450A7719A73CFB00529EBC /* PBXContainerItemProxy */;
		};
/* End PBXTargetDependency section */

/* Begin PBXVariantGroup section */
		84450A5D19A73CFB00529EBC /* InfoPlist.strings */ = {
			isa = PBXVariantGroup;
			children = (
				84450A5E19A73CFB00529EBC /* en */,
			);
			name = InfoPlist.strings;
			sourceTree = "<group>";
		};
		84450A6619A73CFB00529EBC /* Main.storyboard */ = {
			isa = PBXVariantGroup;
			children = (
				84450A6719A73CFB00529EBC /* Base */,
			);
			name = Main.storyboard;
			sourceTree = "<group>";
		};
		84450A7C19A73CFB00529EBC /* InfoPlist.strings */ = {
			isa = PBXVariantGroup;
			children = (
				84450A7D19A73CFB00529EBC /* en */,
			);
			name = InfoPlist.strings;
			sourceTree = "<group>";
		};
/* End PBXVariantGroup section */

/* Begin XCBuildConfiguration section */
		84450A8119A73CFB00529EBC /* Debug */ = {
			isa = XCBuildConfiguration;
			buildSettings = {
				ALWAYS_SEARCH_USER_PATHS = NO;
				CLANG_CXX_LANGUAGE_STANDARD = "gnu++0x";
				CLANG_CXX_LIBRARY = "libc++";
				CLANG_ENABLE_MODULES = YES;
				CLANG_ENABLE_OBJC_ARC = YES;
				CLANG_WARN_BOOL_CONVERSION = YES;
				CLANG_WARN_CONSTANT_CONVERSION = YES;
				CLANG_WARN_DIRECT_OBJC_ISA_USAGE = YES_ERROR;
				CLANG_WARN_EMPTY_BODY = YES;
				CLANG_WARN_ENUM_CONVERSION = YES;
				CLANG_WARN_INT_CONVERSION = YES;
				CLANG_WARN_OBJC_ROOT_CLASS = YES_ERROR;
				CLANG_WARN__DUPLICATE_METHOD_MATCH = YES;
				"CODE_SIGN_IDENTITY[sdk=iphoneos*]" = "iPhone Developer";
				COPY_PHASE_STRIP = NO;
				GCC_C_LANGUAGE_STANDARD = gnu99;
				GCC_DYNAMIC_NO_PIC = NO;
				GCC_OPTIMIZATION_LEVEL = 0;
				GCC_PREPROCESSOR_DEFINITIONS = (
					"DEBUG=1",
					"$(inherited)",
				);
				GCC_SYMBOLS_PRIVATE_EXTERN = NO;
				GCC_WARN_64_TO_32_BIT_CONVERSION = YES;
				GCC_WARN_ABOUT_RETURN_TYPE = YES_ERROR;
				GCC_WARN_UNDECLARED_SELECTOR = YES;
				GCC_WARN_UNINITIALIZED_AUTOS = YES_AGGRESSIVE;
				GCC_WARN_UNUSED_FUNCTION = YES;
				GCC_WARN_UNUSED_VARIABLE = YES;
				IPHONEOS_DEPLOYMENT_TARGET = 7.1;
				ONLY_ACTIVE_ARCH = YES;
				SDKROOT = iphoneos;
			};
			name = Debug;
		};
		84450A8219A73CFB00529EBC /* Release */ = {
			isa = XCBuildConfiguration;
			buildSettings = {
				ALWAYS_SEARCH_USER_PATHS = NO;
				CLANG_CXX_LANGUAGE_STANDARD = "gnu++0x";
				CLANG_CXX_LIBRARY = "libc++";
				CLANG_ENABLE_MODULES = YES;
				CLANG_ENABLE_OBJC_ARC = YES;
				CLANG_WARN_BOOL_CONVERSION = YES;
				CLANG_WARN_CONSTANT_CONVERSION = YES;
				CLANG_WARN_DIRECT_OBJC_ISA_USAGE = YES_ERROR;
				CLANG_WARN_EMPTY_BODY = YES;
				CLANG_WARN_ENUM_CONVERSION = YES;
				CLANG_WARN_INT_CONVERSION = YES;
				CLANG_WARN_OBJC_ROOT_CLASS = YES_ERROR;
				CLANG_WARN__DUPLICATE_METHOD_MATCH = YES;
				"CODE_SIGN_IDENTITY[sdk=iphoneos*]" = "iPhone Developer";
				COPY_PHASE_STRIP = YES;
				ENABLE_NS_ASSERTIONS = NO;
				GCC_C_LANGUAGE_STANDARD = gnu99;
				GCC_WARN_64_TO_32_BIT_CONVERSION = YES;
				GCC_WARN_ABOUT_RETURN_TYPE = YES_ERROR;
				GCC_WARN_UNDECLARED_SELECTOR = YES;
				GCC_WARN_UNINITIALIZED_AUTOS = YES_AGGRESSIVE;
				GCC_WARN_UNUSED_FUNCTION = YES;
				GCC_WARN_UNUSED_VARIABLE = YES;
				IPHONEOS_DEPLOYMENT_TARGET = 7.1;
				SDKROOT = iphoneos;
				VALIDATE_PRODUCT = YES;
			};
			name = Release;
		};
		84450A8419A73CFB00529EBC /* Debug */ = {
			isa = XCBuildConfiguration;
			buildSettings = {
				ASSETCATALOG_COMPILER_APPICON_NAME = AppIcon;
				ASSETCATALOG_COMPILER_LAUNCHIMAGE_NAME = LaunchImage;
				GCC_PRECOMPILE_PREFIX_HEADER = YES;
				GCC_PREFIX_HEADER = "TopRegions/TopRegions-Prefix.pch";
				INFOPLIST_FILE = "TopRegions/TopRegions-Info.plist";
				PRODUCT_NAME = "$(TARGET_NAME)";
				WRAPPER_EXTENSION = app;
			};
			name = Debug;
		};
		84450A8519A73CFB00529EBC /* Release */ = {
			isa = XCBuildConfiguration;
			buildSettings = {
				ASSETCATALOG_COMPILER_APPICON_NAME = AppIcon;
				ASSETCATALOG_COMPILER_LAUNCHIMAGE_NAME = LaunchImage;
				GCC_PRECOMPILE_PREFIX_HEADER = YES;
				GCC_PREFIX_HEADER = "TopRegions/TopRegions-Prefix.pch";
				INFOPLIST_FILE = "TopRegions/TopRegions-Info.plist";
				PRODUCT_NAME = "$(TARGET_NAME)";
				WRAPPER_EXTENSION = app;
			};
			name = Release;
		};
		84450A8719A73CFB00529EBC /* Debug */ = {
			isa = XCBuildConfiguration;
			buildSettings = {
				BUNDLE_LOADER = "$(BUILT_PRODUCTS_DIR)/TopRegions.app/TopRegions";
				FRAMEWORK_SEARCH_PATHS = (
					"$(SDKROOT)/Developer/Library/Frameworks",
					"$(inherited)",
					"$(DEVELOPER_FRAMEWORKS_DIR)",
				);
				GCC_PRECOMPILE_PREFIX_HEADER = YES;
				GCC_PREFIX_HEADER = "TopRegions/TopRegions-Prefix.pch";
				GCC_PREPROCESSOR_DEFINITIONS = (
					"DEBUG=1",
					"$(inherited)",
				);
				INFOPLIST_FILE = "TopRegionsTests/TopRegionsTests-Info.plist";
				PRODUCT_NAME = "$(TARGET_NAME)";
				TEST_HOST = "$(BUNDLE_LOADER)";
				WRAPPER_EXTENSION = xctest;
			};
			name = Debug;
		};
		84450A8819A73CFB00529EBC /* Release */ = {
			isa = XCBuildConfiguration;
			buildSettings = {
				BUNDLE_LOADER = "$(BUILT_PRODUCTS_DIR)/TopRegions.app/TopRegions";
				FRAMEWORK_SEARCH_PATHS = (
					"$(SDKROOT)/Developer/Library/Frameworks",
					"$(inherited)",
					"$(DEVELOPER_FRAMEWORKS_DIR)",
				);
				GCC_PRECOMPILE_PREFIX_HEADER = YES;
				GCC_PREFIX_HEADER = "TopRegions/TopRegions-Prefix.pch";
				INFOPLIST_FILE = "TopRegionsTests/TopRegionsTests-Info.plist";
				PRODUCT_NAME = "$(TARGET_NAME)";
				TEST_HOST = "$(BUNDLE_LOADER)";
				WRAPPER_EXTENSION = xctest;
			};
			name = Release;
		};
/* End XCBuildConfiguration section */

/* Begin XCConfigurationList section */
		84450A4C19A73CFB00529EBC /* Build configuration list for PBXProject "TopRegions" */ = {
			isa = XCConfigurationList;
			buildConfigurations = (
				84450A8119A73CFB00529EBC /* Debug */,
				84450A8219A73CFB00529EBC /* Release */,
			);
			defaultConfigurationIsVisible = 0;
			defaultConfigurationName = Release;
		};
		84450A8319A73CFB00529EBC /* Build configuration list for PBXNativeTarget "TopRegions" */ = {
			isa = XCConfigurationList;
			buildConfigurations = (
				84450A8419A73CFB00529EBC /* Debug */,
				84450A8519A73CFB00529EBC /* Release */,
			);
			defaultConfigurationIsVisible = 0;
		};
		84450A8619A73CFB00529EBC /* Build configuration list for PBXNativeTarget "TopRegionsTests" */ = {
			isa = XCConfigurationList;
			buildConfigurations = (
				84450A8719A73CFB00529EBC /* Debug */,
				84450A8819A73CFB00529EBC /* Release */,
			);
			defaultConfigurationIsVisible = 0;
		};
/* End XCConfigurationList section */
	};
	rootObject = 84450A4919A73CFB00529EBC /* Project object */;
}
